
Microsoft Visual Studio Solution File, Format Version 12.00
Project("{FAE04EC0-301F-11D3-BF4B-00C04F79EFBC}") = "Avalonia.CrossPlatform.MusicStore", "Avalonia.CrossPlatform.MusicStore\Avalonia.CrossPlatform.MusicStore\Avalonia.CrossPlatform.MusicStore.csproj", "{6AF2E5F4-2B51-4644-ACDE-9A3A1254510D}"
EndProject
Project("{FAE04EC0-301F-11D3-BF4B-00C04F79EFBC}") = "Avalonia.CrossPlatform.MusicStore.Android", "Avalonia.CrossPlatform.MusicStore\Avalonia.CrossPlatform.MusicStore.Android\Avalonia.CrossPlatform.MusicStore.Android.csproj", "{125BE61F-A691-46AC-8320-E912E7022A33}"
EndProject
Project("{FAE04EC0-301F-11D3-BF4B-00C04F79EFBC}") = "Avalonia.CrossPlatform.MusicStore.Desktop", "Avalonia.CrossPlatform.MusicStore\Avalonia.CrossPlatform.MusicStore.Desktop\Avalonia.CrossPlatform.MusicStore.Desktop.csproj", "{F165F1B4-EFB0-43AB-8B4D-9F22143BFE1B}"
EndProject
Project("{FAE04EC0-301F-11D3-BF4B-00C04F79EFBC}") = "Avalonia.CrossPlatform.MusicStore.iOS", "Avalonia.CrossPlatform.MusicStore\Avalonia.CrossPlatform.MusicStore.iOS\Avalonia.CrossPlatform.MusicStore.iOS.csproj", "{A6646D2C-A279-41EE-9C7A-6D128E21C538}"
EndProject
Project("{FAE04EC0-301F-11D3-BF4B-00C04F79EFBC}") = "Avalonia.CrossPlatform.MusicStore.Browser", "Avalonia.CrossPlatform.MusicStore\Avalonia.CrossPlatform.MusicStore.Browser\Avalonia.CrossPlatform.MusicStore.Browser.csproj", "{88EC4AA9-0D13-409C-B70F-52E0669B99E1}"
EndProject
Global
	GlobalSection(SolutionConfigurationPlatforms) = preSolution
		Debug|Any CPU = Debug|Any CPU
		Release|Any CPU = Release|Any CPU
	EndGlobalSection
	GlobalSection(ProjectConfigurationPlatforms) = postSolution
		{6AF2E5F4-2B51-4644-ACDE-9A3A1254510D}.Debug|Any CPU.ActiveCfg = Debug|Any CPU
		{6AF2E5F4-2B51-4644-ACDE-9A3A1254510D}.Debug|Any CPU.Build.0 = Debug|Any CPU
		{6AF2E5F4-2B51-4644-ACDE-9A3A1254510D}.Release|Any CPU.ActiveCfg = Release|Any CPU
		{6AF2E5F4-2B51-4644-ACDE-9A3A1254510D}.Release|Any CPU.Build.0 = Release|Any CPU
		{125BE61F-A691-46AC-8320-E912E7022A33}.Debug|Any CPU.ActiveCfg = Debug|Any CPU
		{125BE61F-A691-46AC-8320-E912E7022A33}.Debug|Any CPU.Build.0 = Debug|Any CPU
		{125BE61F-A691-46AC-8320-E912E7022A33}.Debug|Any CPU.Deploy.0 = Debug|Any CPU
		{125BE61F-A691-46AC-8320-E912E7022A33}.Release|Any CPU.ActiveCfg = Release|Any CPU
		{125BE61F-A691-46AC-8320-E912E7022A33}.Release|Any CPU.Build.0 = Release|Any CPU
		{125BE61F-A691-46AC-8320-E912E7022A33}.Release|Any CPU.Deploy.0 = Release|Any CPU
		{F165F1B4-EFB0-43AB-8B4D-9F22143BFE1B}.Debug|Any CPU.ActiveCfg = Debug|Any CPU
		{F165F1B4-EFB0-43AB-8B4D-9F22143BFE1B}.Debug|Any CPU.Build.0 = Debug|Any CPU
		{F165F1B4-EFB0-43AB-8B4D-9F22143BFE1B}.Release|Any CPU.ActiveCfg = Release|Any CPU
		{F165F1B4-EFB0-43AB-8B4D-9F22143BFE1B}.Release|Any CPU.Build.0 = Release|Any CPU
		{A6646D2C-A279-41EE-9C7A-6D128E21C538}.Debug|Any CPU.ActiveCfg = Debug|Any CPU
		{A6646D2C-A279-41EE-9C7A-6D128E21C538}.Debug|Any CPU.Build.0 = Debug|Any CPU
		{A6646D2C-A279-41EE-9C7A-6D128E21C538}.Debug|Any CPU.Deploy.0 = Debug|Any CPU
		{A6646D2C-A279-41EE-9C7A-6D128E21C538}.Release|Any CPU.ActiveCfg = Release|Any CPU
		{A6646D2C-A279-41EE-9C7A-6D128E21C538}.Release|Any CPU.Build.0 = Release|Any CPU
		{A6646D2C-A279-41EE-9C7A-6D128E21C538}.Release|Any CPU.Deploy.0 = Release|Any CPU
		{88EC4AA9-0D13-409C-B70F-52E0669B99E1}.Debug|Any CPU.ActiveCfg = Debug|Any CPU
		{88EC4AA9-0D13-409C-B70F-52E0669B99E1}.Debug|Any CPU.Build.0 = Debug|Any CPU
		{88EC4AA9-0D13-409C-B70F-52E0669B99E1}.Release|Any CPU.ActiveCfg = Release|Any CPU
		{88EC4AA9-0D13-409C-B70F-52E0669B99E1}.Release|Any CPU.Build.0 = Release|Any CPU
	EndGlobalSection
EndGlobal
